
Microsoft Visual Studio Solution File, Format Version 12.00
# Visual Studio 14
VisualStudioVersion = 14.0.25420.1
MinimumVisualStudioVersion = 10.0.40219.1
Project("{FAE04EC0-301F-11D3-BF4B-00C04F79EFBC}") = "Formbuilder", "Formbuilder\Formbuilder.csproj", "{9D8632D3-47F1-450A-BEC9-44E8E4A1AA8C}"
EndProject
Project("{E24C65DC-7377-472B-9ABA-BC803B73C61A}") = "例子页面", "例子页面\", "{22305257-DD13-4B49-9378-7069AA9BCF3C}"
	ProjectSection(WebsiteProperties) = preProject
		TargetFrameworkMoniker = ".NETFramework,Version%3Dv4.6.1"
		Debug.AspNetCompiler.VirtualPath = "/localhost_19825"
		Debug.AspNetCompiler.PhysicalPath = "例子页面\"
		Debug.AspNetCompiler.TargetPath = "PrecompiledWeb\localhost_19825\"
		Debug.AspNetCompiler.Updateable = "true"
		Debug.AspNetCompiler.ForceOverwrite = "true"
		Debug.AspNetCompiler.FixedNames = "false"
		Debug.AspNetCompiler.Debug = "True"
		Release.AspNetCompiler.VirtualPath = "/localhost_19825"
		Release.AspNetCompiler.PhysicalPath = "例子页面\"
		Release.AspNetCompiler.TargetPath = "PrecompiledWeb\localhost_19825\"
		Release.AspNetCompiler.Updateable = "true"
		Release.AspNetCompiler.ForceOverwrite = "true"
		Release.AspNetCompiler.FixedNames = "false"
		Release.AspNetCompiler.Debug = "False"
		VWDPort = "19825"
		SlnRelativePath = "例子页面\"
	EndProjectSection
EndProject
Project("{E24C65DC-7377-472B-9ABA-BC803B73C61A}") = "bootstrap studio", "bootstrap studio\", "{A1177331-5C88-4546-8EFC-4AF31229A353}"
	ProjectSection(WebsiteProperties) = preProject
		TargetFrameworkMoniker = ".NETFramework,Version%3Dv4.0"
		Debug.AspNetCompiler.VirtualPath = "/localhost_24204"
		Debug.AspNetCompiler.PhysicalPath = "bootstrap studio\"
		Debug.AspNetCompiler.TargetPath = "PrecompiledWeb\localhost_24204\"
		Debug.AspNetCompiler.Updateable = "true"
		Debug.AspNetCompiler.ForceOverwrite = "true"
		Debug.AspNetCompiler.FixedNames = "false"
		Debug.AspNetCompiler.Debug = "True"
		Release.AspNetCompiler.VirtualPath = "/localhost_24204"
		Release.AspNetCompiler.PhysicalPath = "bootstrap studio\"
		Release.AspNetCompiler.TargetPath = "PrecompiledWeb\localhost_24204\"
		Release.AspNetCompiler.Updateable = "true"
		Release.AspNetCompiler.ForceOverwrite = "true"
		Release.AspNetCompiler.FixedNames = "false"
		Release.AspNetCompiler.Debug = "False"
		VWDPort = "24204"
		SlnRelativePath = "bootstrap studio\"
	EndProjectSection
EndProject
Project("{E24C65DC-7377-472B-9ABA-BC803B73C61A}") = "代码生成器基于bootstrap", "代码生成器基于bootstrap\", "{7D916022-4C18-4007-B3D3-842457DF2FD1}"
	ProjectSection(WebsiteProperties) = preProject
		TargetFrameworkMoniker = ".NETFramework,Version%3Dv4.0"
		Debug.AspNetCompiler.VirtualPath = "/localhost_24427"
		Debug.AspNetCompiler.PhysicalPath = "代码生成器基于bootstrap\"
		Debug.AspNetCompiler.TargetPath = "PrecompiledWeb\localhost_24427\"
		Debug.AspNetCompiler.Updateable = "true"
		Debug.AspNetCompiler.ForceOverwrite = "true"
		Debug.AspNetCompiler.FixedNames = "false"
		Debug.AspNetCompiler.Debug = "True"
		Release.AspNetCompiler.VirtualPath = "/localhost_24427"
		Release.AspNetCompiler.PhysicalPath = "代码生成器基于bootstrap\"
		Release.AspNetCompiler.TargetPath = "PrecompiledWeb\localhost_24427\"
		Release.AspNetCompiler.Updateable = "true"
		Release.AspNetCompiler.ForceOverwrite = "true"
		Release.AspNetCompiler.FixedNames = "false"
		Release.AspNetCompiler.Debug = "False"
		VWDPort = "24427"
		SlnRelativePath = "代码生成器基于bootstrap\"
	EndProjectSection
EndProject
Project("{FAE04EC0-301F-11D3-BF4B-00C04F79EFBC}") = "BestExpress", "BestExpress\BestExpress\BestExpress\BestExpress.csproj", "{F35EB437-0CD8-45D7-968D-C392C6E58862}"
EndProject
Global
	GlobalSection(SolutionConfigurationPlatforms) = preSolution
		Debug|Any CPU = Debug|Any CPU
		Release|Any CPU = Release|Any CPU
	EndGlobalSection
	GlobalSection(ProjectConfigurationPlatforms) = postSolution
		{9D8632D3-47F1-450A-BEC9-44E8E4A1AA8C}.Debug|Any CPU.ActiveCfg = Debug|Any CPU
		{9D8632D3-47F1-450A-BEC9-44E8E4A1AA8C}.Debug|Any CPU.Build.0 = Debug|Any CPU
		{9D8632D3-47F1-450A-BEC9-44E8E4A1AA8C}.Release|Any CPU.ActiveCfg = Release|Any CPU
		{9D8632D3-47F1-450A-BEC9-44E8E4A1AA8C}.Release|Any CPU.Build.0 = Release|Any CPU
		{22305257-DD13-4B49-9378-7069AA9BCF3C}.Debug|Any CPU.ActiveCfg = Debug|Any CPU
		{22305257-DD13-4B49-9378-7069AA9BCF3C}.Debug|Any CPU.Build.0 = Debug|Any CPU
		{22305257-DD13-4B49-9378-7069AA9BCF3C}.Release|Any CPU.ActiveCfg = Debug|Any CPU
		{22305257-DD13-4B49-9378-7069AA9BCF3C}.Release|Any CPU.Build.0 = Debug|Any CPU
		{A1177331-5C88-4546-8EFC-4AF31229A353}.Debug|Any CPU.ActiveCfg = Debug|Any CPU
		{A1177331-5C88-4546-8EFC-4AF31229A353}.Debug|Any CPU.Build.0 = Debug|Any CPU
		{A1177331-5C88-4546-8EFC-4AF31229A353}.Release|Any CPU.ActiveCfg = Debug|Any CPU
		{A1177331-5C88-4546-8EFC-4AF31229A353}.Release|Any CPU.Build.0 = Debug|Any CPU
		{7D916022-4C18-4007-B3D3-842457DF2FD1}.Debug|Any CPU.ActiveCfg = Debug|Any CPU
		{7D916022-4C18-4007-B3D3-842457DF2FD1}.Debug|Any CPU.Build.0 = Debug|Any CPU
		{7D916022-4C18-4007-B3D3-842457DF2FD1}.Release|Any CPU.ActiveCfg = Debug|Any CPU
		{7D916022-4C18-4007-B3D3-842457DF2FD1}.Release|Any CPU.Build.0 = Debug|Any CPU
		{F35EB437-0CD8-45D7-968D-C392C6E58862}.Debug|Any CPU.ActiveCfg = Debug|Any CPU
		{F35EB437-0CD8-45D7-968D-C392C6E58862}.Debug|Any CPU.Build.0 = Debug|Any CPU
		{F35EB437-0CD8-45D7-968D-C392C6E58862}.Release|Any CPU.ActiveCfg = Release|Any CPU
		{F35EB437-0CD8-45D7-968D-C392C6E58862}.Release|Any CPU.Build.0 = Release|Any CPU
	EndGlobalSection
	GlobalSection(SolutionProperties) = preSolution
		HideSolutionNode = FALSE
	EndGlobalSection
EndGlobal
